Microsoft Visual Studio Solution File, Format Version 11.00
# Visual Studio 2010
Project("{FAE04EC0-301F-11D3-BF4B-00C04F79EFBC}") = "Assembly-CSharp", "Assembly-CSharp.csproj", "{B2EDD6FF-EE0D-8E7E-5875-8F2F4E0E6E9F}"
EndProject
Project("{FAE04EC0-301F-11D3-BF4B-00C04F79EFBC}") = "Assembly-CSharp-firstpass", "Assembly-CSharp-firstpass.csproj", "{6626EFB5-023C-D1CD-E6EB-7BF1050924A3}"
EndProject
Project("{FAE04EC0-301F-11D3-BF4B-00C04F79EFBC}") = "Assembly-CSharp-Editor-firstpass", "Assembly-CSharp-Editor-firstpass.csproj", "{A1EA84B8-DE6A-6296-CD10-92E057754208}"
EndProject
Project("{FAE04EC0-301F-11D3-BF4B-00C04F79EFBC}") = "Assembly-CSharp-Editor", "Assembly-CSharp-Editor.csproj", "{80537170-9ADD-9753-6605-4AE5657BF5EB}"
EndProject
Global
	GlobalSection(SolutionConfigurationPlatforms) = preSolution
		Debug|Any CPU = Debug|Any CPU
		Release|Any CPU = Release|Any CPU
	EndGlobalSection
	GlobalSection(ProjectConfigurationPlatforms) = postSolution
		{B2EDD6FF-EE0D-8E7E-5875-8F2F4E0E6E9F}.Debug|Any CPU.ActiveCfg = Debug|Any CPU
		{B2EDD6FF-EE0D-8E7E-5875-8F2F4E0E6E9F}.Debug|Any CPU.Build.0 = Debug|Any CPU
		{B2EDD6FF-EE0D-8E7E-5875-8F2F4E0E6E9F}.Release|Any CPU.ActiveCfg = Release|Any CPU
		{B2EDD6FF-EE0D-8E7E-5875-8F2F4E0E6E9F}.Release|Any CPU.Build.0 = Release|Any CPU
		{6626EFB5-023C-D1CD-E6EB-7BF1050924A3}.Debug|Any CPU.ActiveCfg = Debug|Any CPU
		{6626EFB5-023C-D1CD-E6EB-7BF1050924A3}.Debug|Any CPU.Build.0 = Debug|Any CPU
		{6626EFB5-023C-D1CD-E6EB-7BF1050924A3}.Release|Any CPU.ActiveCfg = Release|Any CPU
		{6626EFB5-023C-D1CD-E6EB-7BF1050924A3}.Release|Any CPU.Build.0 = Release|Any CPU
		{A1EA84B8-DE6A-6296-CD10-92E057754208}.Debug|Any CPU.ActiveCfg = Debug|Any CPU
		{A1EA84B8-DE6A-6296-CD10-92E057754208}.Debug|Any CPU.Build.0 = Debug|Any CPU
		{A1EA84B8-DE6A-6296-CD10-92E057754208}.Release|Any CPU.ActiveCfg = Release|Any CPU
		{A1EA84B8-DE6A-6296-CD10-92E057754208}.Release|Any CPU.Build.0 = Release|Any CPU
		{80537170-9ADD-9753-6605-4AE5657BF5EB}.Debug|Any CPU.ActiveCfg = Debug|Any CPU
		{80537170-9ADD-9753-6605-4AE5657BF5EB}.Debug|Any CPU.Build.0 = Debug|Any CPU
		{80537170-9ADD-9753-6605-4AE5657BF5EB}.Release|Any CPU.ActiveCfg = Release|Any CPU
		{80537170-9ADD-9753-6605-4AE5657BF5EB}.Release|Any CPU.Build.0 = Release|Any CPU
	EndGlobalSection
	GlobalSection(SolutionProperties) = preSolution
		HideSolutionNode = FALSE
	EndGlobalSection
	GlobalSection(MonoDevelopProperties) = preSolution
		StartupItem = Assembly-CSharp.csproj
	EndGlobalSection
EndGlobal
